
Microsoft Visual Studio Solution File, Format Version 12.00
# Visual Studio 15
VisualStudioVersion = 15.0.28307.168
MinimumVisualStudioVersion = 10.0.40219.1
Project("{FAE04EC0-301F-11D3-BF4B-00C04F79EFBC}") = "c0712759", "c0712759\c0712759.csproj", "{FF8063BC-B383-4CF0-BCC2-60C23B18CF69}"
EndProject
Global
	GlobalSection(SolutionConfigurationPlatforms) = preSolution
		Debug|Any CPU = Debug|Any CPU
		Release|Any CPU = Release|Any CPU
	EndGlobalSection
	GlobalSection(ProjectConfigurationPlatforms) = postSolution
		{FF8063BC-B383-4CF0-BCC2-60C23B18CF69}.Debug|Any CPU.ActiveCfg = Debug|Any CPU
		{FF8063BC-B383-4CF0-BCC2-60C23B18CF69}.Debug|Any CPU.Build.0 = Debug|Any CPU
		{FF8063BC-B383-4CF0-BCC2-60C23B18CF69}.Release|Any CPU.ActiveCfg = Release|Any CPU
		{FF8063BC-B383-4CF0-BCC2-60C23B18CF69}.Release|Any CPU.Build.0 = Release|Any CPU
	EndGlobalSection
	GlobalSection(SolutionProperties) = preSolution
		HideSolutionNode = FALSE
	EndGlobalSection
	GlobalSection(ExtensibilityGlobals) = postSolution
		SolutionGuid = {DBC2AD86-27CB-408D-A22E-E0E5FDB363A3}
	EndGlobalSection
EndGlobal
